
Microsoft Visual Studio Solution File, Format Version 12.00
# Visual Studio Version 16
VisualStudioVersion = 16.0.29123.88
MinimumVisualStudioVersion = 10.0.40219.1
Project("{FAE04EC0-301F-11D3-BF4B-00C04F79EFBC}") = "FuneralClient", "FuneralClient\FuneralClient.csproj", "{97B9B164-E6AD-4362-990D-41A6378528AD}"
EndProject
Global
	GlobalSection(SolutionConfigurationPlatforms) = preSolution
		Debug|Any CPU = Debug|Any CPU
		Release|Any CPU = Release|Any CPU
	EndGlobalSection
	GlobalSection(ProjectConfigurationPlatforms) = postSolution
		{97B9B164-E6AD-4362-990D-41A6378528AD}.Debug|Any CPU.ActiveCfg = Debug|Any CPU
		{97B9B164-E6AD-4362-990D-41A6378528AD}.Debug|Any CPU.Build.0 = Debug|Any CPU
		{97B9B164-E6AD-4362-990D-41A6378528AD}.Release|Any CPU.ActiveCfg = Release|Any CPU
		{97B9B164-E6AD-4362-990D-41A6378528AD}.Release|Any CPU.Build.0 = Release|Any CPU
	EndGlobalSection
	GlobalSection(SolutionProperties) = preSolution
		HideSolutionNode = FALSE
	EndGlobalSection
	GlobalSection(ExtensibilityGlobals) = postSolution
		SolutionGuid = {DD46275B-054E-4550-8506-A57B31761546}
	EndGlobalSection
EndGlobal
